// !$*UTF8*$!
{
	archiveVersion = 1;
	classes = {
	};
	objectVersion = 90;
	objects = {

/* Begin PBXContainerItemProxy section */
		2A1A65122D67FED70076E2C4 /* PBXContainerItemProxy */ = {
			isa = PBXContainerItemProxy;
			containerPortal = 2A1A64F52D67FED60076E2C4 /* Project object */;
			proxyType = 1;
			remoteGlobalIDString = 2A1A64FC2D67FED60076E2C4;
			remoteInfo = Pranayama;
		};
		2A1A651C2D67FED70076E2C4 /* PBXContainerItemProxy */ = {
			isa = PBXContainerItemProxy;
			containerPortal = 2A1A64F52D67FED60076E2C4 /* Project object */;
			proxyType = 1;
			remoteGlobalIDString = 2A1A64FC2D67FED60076E2C4;
			remoteInfo = Pranayama;
		};
/* End PBXContainerItemProxy section */

/* Begin PBXFileReference section */
		2A1A64FD2D67FED60076E2C4 /* Pranayama.app */ = {isa = PBXFileReference; explicitFileType = wrapper.application; includeInIndex = 0; path = Pranayama.app; sourceTree = BUILT_PRODUCTS_DIR; };
		2A1A65112D67FED70076E2C4 /* PranayamaTests.xctest */ = {isa = PBXFileReference; explicitFileType = wrapper.cfbundle; includeInIndex = 0; path = PranayamaTests.xctest; sourceTree = BUILT_PRODUCTS_DIR; };
		2A1A651B2D67FED70076E2C4 /* PranayamaUITests.xctest */ = {isa = PBXFileReference; explicitFileType = wrapper.cfbundle; includeInIndex = 0; path = PranayamaUITests.xctest; sourceTree = BUILT_PRODUCTS_DIR; };
/* End PBXFileReference section */

/* Begin PBXFileSystemSynchronizedBuildFileExceptionSet section */
		2A1A65232D67FED70076E2C4 /* Exceptions for "Pranayama" folder in "Pranayama" target */ = {
			isa = PBXFileSystemSynchronizedBuildFileExceptionSet;
			membershipExceptions = (
				Info.plist,
			);
			target = 2A1A64FC2D67FED60076E2C4 /* Pranayama */;
		};
/* End PBXFileSystemSynchronizedBuildFileExceptionSet section */

/* Begin PBXFileSystemSynchronizedRootGroup section */
		2A1A64FF2D67FED60076E2C4 /* Pranayama */ = {
			isa = PBXFileSystemSynchronizedRootGroup;
			exceptions = (
				2A1A65232D67FED70076E2C4 /* Exceptions for "Pranayama" folder in "Pranayama" target */,
			);
			path = Pranayama;
			sourceTree = "<group>";
		};
		2A1A65142D67FED70076E2C4 /* PranayamaTests */ = {
			isa = PBXFileSystemSynchronizedRootGroup;
			path = PranayamaTests;
			sourceTree = "<group>";
		};
		2A1A651E2D67FED70076E2C4 /* PranayamaUITests */ = {
			isa = PBXFileSystemSynchronizedRootGroup;
			path = PranayamaUITests;
			sourceTree = "<group>";
		};
/* End PBXFileSystemSynchronizedRootGroup section */

/* Begin PBXFrameworksBuildPhase section */
		2A1A64FA2D67FED60076E2C4 /* Frameworks */ = {
			isa = PBXFrameworksBuildPhase;
			files = (
			);
		};
		2A1A650E2D67FED70076E2C4 /* Frameworks */ = {
			isa = PBXFrameworksBuildPhase;
			files = (
			);
		};
		2A1A65182D67FED70076E2C4 /* Frameworks */ = {
			isa = PBXFrameworksBuildPhase;
			files = (
			);
		};
/* End PBXFrameworksBuildPhase section */

/* Begin PBXGroup section */
		2A1A64F42D67FED60076E2C4 = {
			isa = PBXGroup;
			children = (
				2A1A64FF2D67FED60076E2C4 /* Pranayama */,
				2A1A65142D67FED70076E2C4 /* PranayamaTests */,
				2A1A651E2D67FED70076E2C4 /* PranayamaUITests */,
				2A1A64FE2D67FED60076E2C4 /* Products */,
			);
			sourceTree = "<group>";
			usesTabs = 0;
		};
		2A1A64FE2D67FED60076E2C4 /* Products */ = {
			isa = PBXGroup;
			children = (
				2A1A64FD2D67FED60076E2C4 /* Pranayama.app */,
				2A1A65112D67FED70076E2C4 /* PranayamaTests.xctest */,
				2A1A651B2D67FED70076E2C4 /* PranayamaUITests.xctest */,
			);
			name = Products;
			sourceTree = "<group>";
		};
/* End PBXGroup section */

/* Begin PBXNativeTarget section */
		2A1A64FC2D67FED60076E2C4 /* Pranayama */ = {
			isa = PBXNativeTarget;
			buildConfigurationList = 2A1A65242D67FED70076E2C4 /* Build configuration list for PBXNativeTarget "Pranayama" */;
			buildPhases = (
				2A1A64F92D67FED60076E2C4 /* Sources */,
				2A1A64FA2D67FED60076E2C4 /* Frameworks */,
				2A1A64FB2D67FED60076E2C4 /* Resources */,
			);
			buildRules = (
			);
			fileSystemSynchronizedGroups = (
				2A1A64FF2D67FED60076E2C4 /* Pranayama */,
			);
			name = Pranayama;
			productName = Pranayama;
			productReference = 2A1A64FD2D67FED60076E2C4 /* Pranayama.app */;
			productType = "com.apple.product-type.application";
		};
		2A1A65102D67FED70076E2C4 /* PranayamaTests */ = {
			isa = PBXNativeTarget;
			buildConfigurationList = 2A1A65292D67FED70076E2C4 /* Build configuration list for PBXNativeTarget "PranayamaTests" */;
			buildPhases = (
				2A1A650D2D67FED70076E2C4 /* Sources */,
				2A1A650E2D67FED70076E2C4 /* Frameworks */,
				2A1A650F2D67FED70076E2C4 /* Resources */,
			);
			buildRules = (
			);
			dependencies = (
				2A1A65132D67FED70076E2C4 /* PBXTargetDependency */,
			);
			fileSystemSynchronizedGroups = (
				2A1A65142D67FED70076E2C4 /* PranayamaTests */,
			);
			name = PranayamaTests;
			productName = PranayamaTests;
			productReference = 2A1A65112D67FED70076E2C4 /* PranayamaTests.xctest */;
			productType = "com.apple.product-type.bundle.unit-test";
		};
		2A1A651A2D67FED70076E2C4 /* PranayamaUITests */ = {
			isa = PBXNativeTarget;
			buildConfigurationList = 2A1A652C2D67FED70076E2C4 /* Build configuration list for PBXNativeTarget "PranayamaUITests" */;
			buildPhases = (
				2A1A65172D67FED70076E2C4 /* Sources */,
				2A1A65182D67FED70076E2C4 /* Frameworks */,
				2A1A65192D67FED70076E2C4 /* Resources */,
			);
			buildRules = (
			);
			dependencies = (
				2A1A651D2D67FED70076E2C4 /* PBXTargetDependency */,
			);
			fileSystemSynchronizedGroups = (
				2A1A651E2D67FED70076E2C4 /* PranayamaUITests */,
			);
			name = PranayamaUITests;
			productName = PranayamaUITests;
			productReference = 2A1A651B2D67FED70076E2C4 /* PranayamaUITests.xctest */;
			productType = "com.apple.product-type.bundle.ui-testing";
		};
/* End PBXNativeTarget section */

/* Begin PBXProject section */
		2A1A64F52D67FED60076E2C4 /* Project object */ = {
			isa = PBXProject;
			attributes = {
				BuildIndependentTargetsInParallel = 1;
				CLASSPREFIX = CITS;
				LastSwiftUpdateCheck = 1620;
				LastUpgradeCheck = 2620;
				ORGANIZATIONNAME = "Channel IT Services, LLC";
				TargetAttributes = {
					2A1A64FC2D67FED60076E2C4 = {
						CreatedOnToolsVersion = 16.2;
					};
					2A1A65102D67FED70076E2C4 = {
						CreatedOnToolsVersion = 16.2;
						TestTargetID = 2A1A64FC2D67FED60076E2C4;
					};
					2A1A651A2D67FED70076E2C4 = {
						CreatedOnToolsVersion = 16.2;
						TestTargetID = 2A1A64FC2D67FED60076E2C4;
					};
				};
			};
			buildConfigurationList = 2A1A64F82D67FED60076E2C4 /* Build configuration list for PBXProject "Pranayama" */;
			developmentRegion = en;
			hasScannedForEncodings = 0;
			knownRegions = (
				en,
				Base,
			);
			mainGroup = 2A1A64F42D67FED60076E2C4;
			minimizedProjectReferenceProxies = 1;
			preferredProjectObjectVersion = 90;
			productRefGroup = 2A1A64FE2D67FED60076E2C4 /* Products */;
			projectDirPath = "";
			projectRoot = "";
			targets = (
				2A1A64FC2D67FED60076E2C4 /* Pranayama */,
				2A1A65102D67FED70076E2C4 /* PranayamaTests */,
				2A1A651A2D67FED70076E2C4 /* PranayamaUITests */,
			);
		};
/* End PBXProject section */

/* Begin PBXResourcesBuildPhase section */
		2A1A64FB2D67FED60076E2C4 /* Resources */ = {
			isa = PBXResourcesBuildPhase;
			files = (
			);
		};
		2A1A650F2D67FED70076E2C4 /* Resources */ = {
			isa = PBXResourcesBuildPhase;
			files = (
			);
		};
		2A1A65192D67FED70076E2C4 /* Resources */ = {
			isa = PBXResourcesBuildPhase;
			files = (
			);
		};
/* End PBXResourcesBuildPhase section */

/* Begin PBXSourcesBuildPhase section */
		2A1A64F92D67FED60076E2C4 /* Sources */ = {
			isa = PBXSourcesBuildPhase;
			files = (
			);
		};
		2A1A650D2D67FED70076E2C4 /* Sources */ = {
			isa = PBXSourcesBuildPhase;
			files = (
			);
		};
		2A1A65172D67FED70076E2C4 /* Sources */ = {
			isa = PBXSourcesBuildPhase;
			files = (
			);
		};
/* End PBXSourcesBuildPhase section */

/* Begin PBXTargetDependency section */
		2A1A65132D67FED70076E2C4 /* PBXTargetDependency */ = {
			isa = PBXTargetDependency;
			target = 2A1A64FC2D67FED60076E2C4 /* Pranayama */;
			targetProxy = 2A1A65122D67FED70076E2C4 /* PBXContainerItemProxy */;
		};
		2A1A651D2D67FED70076E2C4 /* PBXTargetDependency */ = {
			isa = PBXTargetDependency;
			target = 2A1A64FC2D67FED60076E2C4 /* Pranayama */;
			targetProxy = 2A1A651C2D67FED70076E2C4 /* PBXContainerItemProxy */;
		};
/* End PBXTargetDependency section */

/* Begin XCBuildConfiguration section */
		2A1A65252D67FED70076E2C4 /* Debug configuration for PBXNativeTarget "Pranayama" */ = {
			isa = XCBuildConfiguration;
			buildSettings = {
				ASSETCATALOG_COMPILER_APPICON_NAME = AppIcon;
				ASSETCATALOG_COMPILER_GLOBAL_ACCENT_COLOR_NAME = AccentColor;
				CODE_SIGN_ENTITLEMENTS = Pranayama/Pranayama.entitlements;
				CODE_SIGN_IDENTITY = "Apple Development";
				CODE_SIGN_STYLE = Automatic;
				CURRENT_PROJECT_VERSION = 1;
				DEVELOPMENT_ASSET_PATHS = "\"Pranayama/Preview Content\"";
				DEVELOPMENT_TEAM = 6ENEJ8H885;
				ENABLE_APP_SANDBOX = YES;
				ENABLE_PREVIEWS = YES;
				ENABLE_USER_SELECTED_FILES = readonly;
				GENERATE_INFOPLIST_FILE = YES;
				INFOPLIST_FILE = Pranayama/Info.plist;
				INFOPLIST_KEY_UIApplicationSceneManifest_Generation = YES;
				INFOPLIST_KEY_UIApplicationSupportsIndirectInputEvents = YES;
				INFOPLIST_KEY_UILaunchScreen_Generation = YES;
				INFOPLIST_KEY_UISupportedInterfaceOrientations_iPad = "UIInterfaceOrientationPortrait UIInterfaceOrientationPortraitUpsideDown UIInterfaceOrientationLandscapeLeft UIInterfaceOrientationLandscapeRight";
				INFOPLIST_KEY_UISupportedInterfaceOrientations_iPhone = "UIInterfaceOrientationPortrait UIInterfaceOrientationLandscapeLeft UIInterfaceOrientationLandscapeRight";
				LD_RUNPATH_SEARCH_PATHS = (
					"$(inherited)",
					"@executable_path/Frameworks",
				);
				MARKETING_VERSION = 1.0;
				PRODUCT_BUNDLE_IDENTIFIER = CITS.Pranayama;
				PRODUCT_NAME = "$(TARGET_NAME)";
				PROVISIONING_PROFILE_SPECIFIER = "";
				SWIFT_EMIT_LOC_STRINGS = YES;
				SWIFT_VERSION = 5.0;
				TARGETED_DEVICE_FAMILY = "1,2";
			};
			name = Debug;
		};
		2A1A65262D67FED70076E2C4 /* Release configuration for PBXNativeTarget "Pranayama" */ = {
			isa = XCBuildConfiguration;
			buildSettings = {
				ASSETCATALOG_COMPILER_APPICON_NAME = AppIcon;
				ASSETCATALOG_COMPILER_GLOBAL_ACCENT_COLOR_NAME = AccentColor;
				CODE_SIGN_ENTITLEMENTS = Pranayama/Pranayama.entitlements;
				CODE_SIGN_IDENTITY = "Apple Development";
				CODE_SIGN_STYLE = Automatic;
				CURRENT_PROJECT_VERSION = 1;
				DEVELOPMENT_ASSET_PATHS = "\"Pranayama/Preview Content\"";
				DEVELOPMENT_TEAM = 6ENEJ8H885;
				ENABLE_APP_SANDBOX = YES;
				ENABLE_PREVIEWS = YES;
				ENABLE_USER_SELECTED_FILES = readonly;
				GENERATE_INFOPLIST_FILE = YES;
				INFOPLIST_FILE = Pranayama/Info.plist;
				INFOPLIST_KEY_UIApplicationSceneManifest_Generation = YES;
				INFOPLIST_KEY_UIApplicationSupportsIndirectInputEvents = YES;
				INFOPLIST_KEY_UILaunchScreen_Generation = YES;
				INFOPLIST_KEY_UISupportedInterfaceOrientations_iPad = "UIInterfaceOrientationPortrait UIInterfaceOrientationPortraitUpsideDown UIInterfaceOrientationLandscapeLeft UIInterfaceOrientationLandscapeRight";
				INFOPLIST_KEY_UISupportedInterfaceOrientations_iPhone = "UIInterfaceOrientationPortrait UIInterfaceOrientationLandscapeLeft UIInterfaceOrientationLandscapeRight";
				LD_RUNPATH_SEARCH_PATHS = (
					"$(inherited)",
					"@executable_path/Frameworks",
				);
				MARKETING_VERSION = 1.0;
				PRODUCT_BUNDLE_IDENTIFIER = CITS.Pranayama;
				PRODUCT_NAME = "$(TARGET_NAME)";
				PROVISIONING_PROFILE_SPECIFIER = "";
				SWIFT_EMIT_LOC_STRINGS = YES;
				SWIFT_VERSION = 5.0;
				TARGETED_DEVICE_FAMILY = "1,2";
			};
			name = Release;
		};
		2A1A65272D67FED70076E2C4 /* Debug configuration for PBXProject "Pranayama" */ = {
			isa = XCBuildConfiguration;
			buildSettings = {
				ALWAYS_SEARCH_USER_PATHS = NO;
				ASSETCATALOG_COMPILER_GENERATE_SWIFT_ASSET_SYMBOL_EXTENSIONS = YES;
				CLANG_ANALYZER_NONNULL = YES;
				CLANG_ANALYZER_NUMBER_OBJECT_CONVERSION = YES_AGGRESSIVE;
				CLANG_CXX_LANGUAGE_STANDARD = "gnu++20";
				CLANG_ENABLE_MODULES = YES;
				CLANG_ENABLE_OBJC_ARC = YES;
				CLANG_ENABLE_OBJC_WEAK = YES;
				CLANG_WARN_BLOCK_CAPTURE_AUTORELEASING = YES;
				CLANG_WARN_BOOL_CONVERSION = YES;
				CLANG_WARN_COMMA = YES;
				CLANG_WARN_CONSTANT_CONVERSION = YES;
				CLANG_WARN_DEPRECATED_OBJC_IMPLEMENTATIONS = YES;
				CLANG_WARN_DIRECT_OBJC_ISA_USAGE = YES_ERROR;
				CLANG_WARN_DOCUMENTATION_COMMENTS = YES;
				CLANG_WARN_EMPTY_BODY = YES;
				CLANG_WARN_ENUM_CONVERSION = YES;
				CLANG_WARN_INFINITE_RECURSION = YES;
				CLANG_WARN_INT_CONVERSION = YES;
				CLANG_WARN_NON_LITERAL_NULL_CONVERSION = YES;
				CLANG_WARN_OBJC_IMPLICIT_RETAIN_SELF = YES;
				CLANG_WARN_OBJC_LITERAL_CONVERSION = YES;
				CLANG_WARN_OBJC_ROOT_CLASS = YES_ERROR;
				CLANG_WARN_QUOTED_INCLUDE_IN_FRAMEWORK_HEADER = YES;
				CLANG_WARN_RANGE_LOOP_ANALYSIS = YES;
				CLANG_WARN_STRICT_PROTOTYPES = YES;
				CLANG_WARN_SUSPICIOUS_MOVE = YES;
				CLANG_WARN_UNGUARDED_AVAILABILITY = YES_AGGRESSIVE;
				CLANG_WARN_UNREACHABLE_CODE = YES;
				CLANG_WARN__DUPLICATE_METHOD_MATCH = YES;
				COPY_PHASE_STRIP = NO;
				DEBUG_INFORMATION_FORMAT = dwarf;
				ENABLE_STRICT_OBJC_MSGSEND = YES;
				ENABLE_TESTABILITY = YES;
				ENABLE_USER_SCRIPT_SANDBOXING = YES;
				GCC_C_LANGUAGE_STANDARD = gnu17;
				GCC_DYNAMIC_NO_PIC = NO;
				GCC_NO_COMMON_BLOCKS = YES;
				GCC_OPTIMIZATION_LEVEL = 0;
				GCC_PREPROCESSOR_DEFINITIONS = (
					"DEBUG=1",
					"$(inherited)",
				);
				GCC_WARN_64_TO_32_BIT_CONVERSION = YES;
				GCC_WARN_ABOUT_RETURN_TYPE = YES_ERROR;
				GCC_WARN_UNDECLARED_SELECTOR = YES;
				GCC_WARN_UNINITIALIZED_AUTOS = YES_AGGRESSIVE;
				GCC_WARN_UNUSED_FUNCTION = YES;
				GCC_WARN_UNUSED_VARIABLE = YES;
				IPHONEOS_DEPLOYMENT_TARGET = 18.2;
				LOCALIZATION_PREFERS_STRING_CATALOGS = YES;
				MTL_ENABLE_DEBUG_INFO = INCLUDE_SOURCE;
				MTL_FAST_MATH = YES;
				ONLY_ACTIVE_ARCH = YES;
				SDKROOT = iphoneos;
				STRING_CATALOG_GENERATE_SYMBOLS = YES;
				SWIFT_ACTIVE_COMPILATION_CONDITIONS = "DEBUG $(inherited)";
				SWIFT_OPTIMIZATION_LEVEL = "-Onone";
			};
			name = Debug;
		};
		2A1A65282D67FED70076E2C4 /* Release configuration for PBXProject "Pranayama" */ = {
			isa = XCBuildConfiguration;
			buildSettings = {
				ALWAYS_SEARCH_USER_PATHS = NO;
				ASSETCATALOG_COMPILER_GENERATE_SWIFT_ASSET_SYMBOL_EXTENSIONS = YES;
				CLANG_ANALYZER_NONNULL = YES;
				CLANG_ANALYZER_NUMBER_OBJECT_CONVERSION = YES_AGGRESSIVE;
				CLANG_CXX_LANGUAGE_STANDARD = "gnu++20";
				CLANG_ENABLE_MODULES = YES;
				CLANG_ENABLE_OBJC_ARC = YES;
				CLANG_ENABLE_OBJC_WEAK = YES;
				CLANG_WARN_BLOCK_CAPTURE_AUTORELEASING = YES;
				CLANG_WARN_BOOL_CONVERSION = YES;
				CLANG_WARN_COMMA = YES;
				CLANG_WARN_CONSTANT_CONVERSION = YES;
				CLANG_WARN_DEPRECATED_OBJC_IMPLEMENTATIONS = YES;
				CLANG_WARN_DIRECT_OBJC_ISA_USAGE = YES_ERROR;
				CLANG_WARN_DOCUMENTATION_COMMENTS = YES;
				CLANG_WARN_EMPTY_BODY = YES;
				CLANG_WARN_ENUM_CONVERSION = YES;
				CLANG_WARN_INFINITE_RECURSION = YES;
				CLANG_WARN_INT_CONVERSION = YES;
				CLANG_WARN_NON_LITERAL_NULL_CONVERSION = YES;
				CLANG_WARN_OBJC_IMPLICIT_RETAIN_SELF = YES;
				CLANG_WARN_OBJC_LITERAL_CONVERSION = YES;
				CLANG_WARN_OBJC_ROOT_CLASS = YES_ERROR;
				CLANG_WARN_QUOTED_INCLUDE_IN_FRAMEWORK_HEADER = YES;
				CLANG_WARN_RANGE_LOOP_ANALYSIS = YES;
				CLANG_WARN_STRICT_PROTOTYPES = YES;
				CLANG_WARN_SUSPICIOUS_MOVE = YES;
				CLANG_WARN_UNGUARDED_AVAILABILITY = YES_AGGRESSIVE;
				CLANG_WARN_UNREACHABLE_CODE = YES;
				CLANG_WARN__DUPLICATE_METHOD_MATCH = YES;
				COPY_PHASE_STRIP = NO;
				DEBUG_INFORMATION_FORMAT = "dwarf-with-dsym";
				ENABLE_NS_ASSERTIONS = NO;
				ENABLE_STRICT_OBJC_MSGSEND = YES;
				ENABLE_USER_SCRIPT_SANDBOXING = YES;
				GCC_C_LANGUAGE_STANDARD = gnu17;
				GCC_NO_COMMON_BLOCKS = YES;
				GCC_WARN_64_TO_32_BIT_CONVERSION = YES;
				GCC_WARN_ABOUT_RETURN_TYPE = YES_ERROR;
				GCC_WARN_UNDECLARED_SELECTOR = YES;
				GCC_WARN_UNINITIALIZED_AUTOS = YES_AGGRESSIVE;
				GCC_WARN_UNUSED_FUNCTION = YES;
				GCC_WARN_UNUSED_VARIABLE = YES;
				IPHONEOS_DEPLOYMENT_TARGET = 18.2;
				LOCALIZATION_PREFERS_STRING_CATALOGS = YES;
				MTL_ENABLE_DEBUG_INFO = NO;
				MTL_FAST_MATH = YES;
				ONLY_ACTIVE_ARCH = YES;
				SDKROOT = iphoneos;
				STRING_CATALOG_GENERATE_SYMBOLS = YES;
				SWIFT_COMPILATION_MODE = wholemodule;
				VALIDATE_PRODUCT = YES;
			};
			name = Release;
		};
		2A1A652A2D67FED70076E2C4 /* Debug configuration for PBXNativeTarget "PranayamaTests" */ = {
			isa = XCBuildConfiguration;
			buildSettings = {
				BUNDLE_LOADER = "$(TEST_HOST)";
				CODE_SIGN_STYLE = Automatic;
				CURRENT_PROJECT_VERSION = 1;
				GENERATE_INFOPLIST_FILE = YES;
				IPHONEOS_DEPLOYMENT_TARGET = 18.2;
				MARKETING_VERSION = 1.0;
				PRODUCT_BUNDLE_IDENTIFIER = CITS.PranayamaTests;
				PRODUCT_NAME = "$(TARGET_NAME)";
				SWIFT_EMIT_LOC_STRINGS = NO;
				SWIFT_VERSION = 5.0;
				TARGETED_DEVICE_FAMILY = "1,2";
				TEST_HOST = "$(BUILT_PRODUCTS_DIR)/Pranayama.app/$(BUNDLE_EXECUTABLE_FOLDER_PATH)/Pranayama";
			};
			name = Debug;
		};
		2A1A652B2D67FED70076E2C4 /* Release configuration for PBXNativeTarget "PranayamaTests" */ = {
			isa = XCBuildConfiguration;
			buildSettings = {
				BUNDLE_LOADER = "$(TEST_HOST)";
				CODE_SIGN_STYLE = Automatic;
				CURRENT_PROJECT_VERSION = 1;
				GENERATE_INFOPLIST_FILE = YES;
				IPHONEOS_DEPLOYMENT_TARGET = 18.2;
				MARKETING_VERSION = 1.0;
				PRODUCT_BUNDLE_IDENTIFIER = CITS.PranayamaTests;
				PRODUCT_NAME = "$(TARGET_NAME)";
				SWIFT_EMIT_LOC_STRINGS = NO;
				SWIFT_VERSION = 5.0;
				TARGETED_DEVICE_FAMILY = "1,2";
				TEST_HOST = "$(BUILT_PRODUCTS_DIR)/Pranayama.app/$(BUNDLE_EXECUTABLE_FOLDER_PATH)/Pranayama";
			};
			name = Release;
		};
		2A1A652D2D67FED70076E2C4 /* Debug configuration for PBXNativeTarget "PranayamaUITests" */ = {
			isa = XCBuildConfiguration;
			buildSettings = {
				CODE_SIGN_STYLE = Automatic;
				CURRENT_PROJECT_VERSION = 1;
				GENERATE_INFOPLIST_FILE = YES;
				MARKETING_VERSION = 1.0;
				PRODUCT_BUNDLE_IDENTIFIER = CITS.PranayamaUITests;
				PRODUCT_NAME = "$(TARGET_NAME)";
				SWIFT_EMIT_LOC_STRINGS = NO;
				SWIFT_VERSION = 5.0;
				TARGETED_DEVICE_FAMILY = "1,2";
				TEST_TARGET_NAME = Pranayama;
			};
			name = Debug;
		};
		2A1A652E2D67FED70076E2C4 /* Release configuration for PBXNativeTarget "PranayamaUITests" */ = {
			isa = XCBuildConfiguration;
			buildSettings = {
				CODE_SIGN_STYLE = Automatic;
				CURRENT_PROJECT_VERSION = 1;
				GENERATE_INFOPLIST_FILE = YES;
				MARKETING_VERSION = 1.0;
				PRODUCT_BUNDLE_IDENTIFIER = CITS.PranayamaUITests;
				PRODUCT_NAME = "$(TARGET_NAME)";
				SWIFT_EMIT_LOC_STRINGS = NO;
				SWIFT_VERSION = 5.0;
				TARGETED_DEVICE_FAMILY = "1,2";
				TEST_TARGET_NAME = Pranayama;
			};
			name = Release;
		};
/* End XCBuildConfiguration section */

/* Begin XCConfigurationList section */
		2A1A64F82D67FED60076E2C4 /* Build configuration list for PBXProject "Pranayama" */ = {
			isa = XCConfigurationList;
			buildConfigurations = (
				2A1A65272D67FED70076E2C4 /* Debug configuration for PBXProject "Pranayama" */,
				2A1A65282D67FED70076E2C4 /* Release configuration for PBXProject "Pranayama" */,
			);
			defaultConfigurationName = Release;
		};
		2A1A65242D67FED70076E2C4 /* Build configuration list for PBXNativeTarget "Pranayama" */ = {
			isa = XCConfigurationList;
			buildConfigurations = (
				2A1A65252D67FED70076E2C4 /* Debug configuration for PBXNativeTarget "Pranayama" */,
				2A1A65262D67FED70076E2C4 /* Release configuration for PBXNativeTarget "Pranayama" */,
			);
			defaultConfigurationName = Release;
		};
		2A1A65292D67FED70076E2C4 /* Build configuration list for PBXNativeTarget "PranayamaTests" */ = {
			isa = XCConfigurationList;
			buildConfigurations = (
				2A1A652A2D67FED70076E2C4 /* Debug configuration for PBXNativeTarget "PranayamaTests" */,
				2A1A652B2D67FED70076E2C4 /* Release configuration for PBXNativeTarget "PranayamaTests" */,
			);
			defaultConfigurationName = Release;
		};
		2A1A652C2D67FED70076E2C4 /* Build configuration list for PBXNativeTarget "PranayamaUITests" */ = {
			isa = XCConfigurationList;
			buildConfigurations = (
				2A1A652D2D67FED70076E2C4 /* Debug configuration for PBXNativeTarget "PranayamaUITests" */,
				2A1A652E2D67FED70076E2C4 /* Release configuration for PBXNativeTarget "PranayamaUITests" */,
			);
			defaultConfigurationName = Release;
		};
/* End XCConfigurationList section */
	};
	rootObject = 2A1A64F52D67FED60076E2C4 /* Project object */;
}
